// !$*UTF8*$!
{
	archiveVersion = 1;
	classes = {
	};
	objectVersion = 46;
	objects = {

/* Begin PBXBuildFile section */
		57349B391875BF19003B9AEC /* Foundation.framework in Frameworks */ = {isa = PBXBuildFile; fileRef = 57349B381875BF19003B9AEC /* Foundation.framework */; };
		57349B3B1875BF19003B9AEC /* CoreGraphics.framework in Frameworks */ = {isa = PBXBuildFile; fileRef = 57349B3A1875BF19003B9AEC /* CoreGraphics.framework */; };
		57349B3D1875BF19003B9AEC /* UIKit.framework in Frameworks */ = {isa = PBXBuildFile; fileRef = 57349B3C1875BF19003B9AEC /* UIKit.framework */; };
		57349B431875BF19003B9AEC /* InfoPlist.strings in Resources */ = {isa = PBXBuildFile; fileRef = 57349B411875BF19003B9AEC /* InfoPlist.strings */; };
		57349B451875BF19003B9AEC /* main.m in Sources */ = {isa = PBXBuildFile; fileRef = 57349B441875BF19003B9AEC /* main.m */; };
		57349B491875BF19003B9AEC /* AppDelegate.m in Sources */ = {isa = PBXBuildFile; fileRef = 57349B481875BF19003B9AEC /* AppDelegate.m */; };
		57349B4C1875BF19003B9AEC /* Main_iPhone.storyboard in Resources */ = {isa = PBXBuildFile; fileRef = 57349B4A1875BF19003B9AEC /* Main_iPhone.storyboard */; };
		57349B4F1875BF19003B9AEC /* Main_iPad.storyboard in Resources */ = {isa = PBXBuildFile; fileRef = 57349B4D1875BF19003B9AEC /* Main_iPad.storyboard */; };
		57349B521875BF19003B9AEC /* ViewController.m in Sources */ = {isa = PBXBuildFile; fileRef = 57349B511875BF19003B9AEC /* ViewController.m */; };
		57349B541875BF19003B9AEC /* Images.xcassets in Resources */ = {isa = PBXBuildFile; fileRef = 57349B531875BF19003B9AEC /* Images.xcassets */; };
		57349B5B1875BF19003B9AEC /* XCTest.framework in Frameworks */ = {isa = PBXBuildFile; fileRef = 57349B5A1875BF19003B9AEC /* XCTest.framework */; };
		57349B5C1875BF19003B9AEC /* Foundation.framework in Frameworks */ = {isa = PBXBuildFile; fileRef = 57349B381875BF19003B9AEC /* Foundation.framework */; };
		57349B5D1875BF19003B9AEC /* UIKit.framework in Frameworks */ = {isa = PBXBuildFile; fileRef = 57349B3C1875BF19003B9AEC /* UIKit.framework */; };
		57349B651875BF19003B9AEC /* InfoPlist.strings in Resources */ = {isa = PBXBuildFile; fileRef = 57349B631875BF19003B9AEC /* InfoPlist.strings */; };
		57349B671875BF19003B9AEC /* testSpecTests.m in Sources */ = {isa = PBXBuildFile; fileRef = 57349B661875BF19003B9AEC /* testSpecTests.m */; };
/* End PBXBuildFile section */

/* Begin PBXContainerItemProxy section */
		57349B5E1875BF19003B9AEC /* PBXContainerItemProxy */ = {
			isa = PBXContainerItemProxy;
			containerPortal = 57349B2D1875BF19003B9AEC /* Project object */;
			proxyType = 1;
			remoteGlobalIDString = 57349B341875BF19003B9AEC;
			remoteInfo = testSpec;
		};
/* End PBXContainerItemProxy section */

/* Begin PBXFileReference section */
		57349B351875BF19003B9AEC /* testSpec.app */ = {isa = PBXFileReference; explicitFileType = wrapper.application; includeInIndex = 0; path = testSpec.app; sourceTree = BUILT_PRODUCTS_DIR; };
		57349B381875BF19003B9AEC /* Foundation.framework */ = {isa = PBXFileReference; lastKnownFileType = wrapper.framework; name = Foundation.framework; path = System/Library/Frameworks/Foundation.framework; sourceTree = SDKROOT; };
		57349B3A1875BF19003B9AEC /* CoreGraphics.framework */ = {isa = PBXFileReference; lastKnownFileType = wrapper.framework; name = CoreGraphics.framework; path = System/Library/Frameworks/CoreGraphics.framework; sourceTree = SDKROOT; };
		57349B3C1875BF19003B9AEC /* UIKit.framework */ = {isa = PBXFileReference; lastKnownFileType = wrapper.framework; name = UIKit.framework; path = System/Library/Frameworks/UIKit.framework; sourceTree = SDKROOT; };
		57349B401875BF19003B9AEC /* testSpec-Info.plist */ = {isa = PBXFileReference; lastKnownFileType = text.plist.xml; path = "testSpec-Info.plist"; sourceTree = "<group>"; };
		57349B421875BF19003B9AEC /* en */ = {isa = PBXFileReference; lastKnownFileType = text.plist.strings; name = en; path = en.lproj/InfoPlist.strings; sourceTree = "<group>"; };
		57349B441875BF19003B9AEC /* main.m */ = {isa = PBXFileReference; lastKnownFileType = sourcecode.c.objc; path = main.m; sourceTree = "<group>"; };
		57349B461875BF19003B9AEC /* testSpec-Prefix.pch */ = {isa = PBXFileReference; lastKnownFileType = sourcecode.c.h; path = "testSpec-Prefix.pch"; sourceTree = "<group>"; };
		57349B471875BF19003B9AEC /* AppDelegate.h */ = {isa = PBXFileReference; lastKnownFileType = sourcecode.c.h; path = AppDelegate.h; sourceTree = "<group>"; };
		57349B481875BF19003B9AEC /* AppDelegate.m */ = {isa = PBXFileReference; lastKnownFileType = sourcecode.c.objc; path = AppDelegate.m; sourceTree = "<group>"; };
		57349B4B1875BF19003B9AEC /* Base */ = {isa = PBXFileReference; lastKnownFileType = file.storyboard; name = Base; path = Base.lproj/Main_iPhone.storyboard; sourceTree = "<group>"; };
		57349B4E1875BF19003B9AEC /* Base */ = {isa = PBXFileReference; lastKnownFileType = file.storyboard; name = Base; path = Base.lproj/Main_iPad.storyboard; sourceTree = "<group>"; };
		57349B501875BF19003B9AEC /* ViewController.h */ = {isa = PBXFileReference; lastKnownFileType = sourcecode.c.h; path = ViewController.h; sourceTree = "<group>"; };
		57349B511875BF19003B9AEC /* ViewController.m */ = {isa = PBXFileReference; lastKnownFileType = sourcecode.c.objc; path = ViewController.m; sourceTree = "<group>"; };
		57349B531875BF19003B9AEC /* Images.xcassets */ = {isa = PBXFileReference; lastKnownFileType = folder.assetcatalog; path = Images.xcassets; sourceTree = "<group>"; };
		57349B591875BF19003B9AEC /* testSpecTests.xctest */ = {isa = PBXFileReference; explicitFileType = wrapper.cfbundle; includeInIndex = 0; path = testSpecTests.xctest; sourceTree = BUILT_PRODUCTS_DIR; };
		57349B5A1875BF19003B9AEC /* XCTest.framework */ = {isa = PBXFileReference; lastKnownFileType = wrapper.framework; name = XCTest.framework; path = Library/Frameworks/XCTest.framework; sourceTree = DEVELOPER_DIR; };
		57349B621875BF19003B9AEC /* testSpecTests-Info.plist */ = {isa = PBXFileReference; lastKnownFileType = text.plist.xml; path = "testSpecTests-Info.plist"; sourceTree = "<group>"; };
		57349B641875BF19003B9AEC /* en */ = {isa = PBXFileReference; lastKnownFileType = text.plist.strings; name = en; path = en.lproj/InfoPlist.strings; sourceTree = "<group>"; };
		57349B661875BF19003B9AEC /* testSpecTests.m */ = {isa = PBXFileReference; lastKnownFileType = sourcecode.c.objc; path = testSpecTests.m; sourceTree = "<group>"; };
/* End PBXFileReference section */

/* Begin PBXFrameworksBuildPhase section */
		57349B321875BF19003B9AEC /* Frameworks */ = {
			isa = PBXFrameworksBuildPhase;
			buildActionMask = 2147483647;
			files = (
				57349B3B1875BF19003B9AEC /* CoreGraphics.framework in Frameworks */,
				57349B3D1875BF19003B9AEC /* UIKit.framework in Frameworks */,
				57349B391875BF19003B9AEC /* Foundation.framework in Frameworks */,
			);
			runOnlyForDeploymentPostprocessing = 0;
		};
		57349B561875BF19003B9AEC /* Frameworks */ = {
			isa = PBXFrameworksBuildPhase;
			buildActionMask = 2147483647;
			files = (
				57349B5B1875BF19003B9AEC /* XCTest.framework in Frameworks */,
				57349B5D1875BF19003B9AEC /* UIKit.framework in Frameworks */,
				57349B5C1875BF19003B9AEC /* Foundation.framework in Frameworks */,
			);
			runOnlyForDeploymentPostprocessing = 0;
		};
/* End PBXFrameworksBuildPhase section */

/* Begin PBXGroup section */
		57349B2C1875BF19003B9AEC = {
			isa = PBXGroup;
			children = (
				57349B3E1875BF19003B9AEC /* testSpec */,
				57349B601875BF19003B9AEC /* testSpecTests */,
				57349B371875BF19003B9AEC /* Frameworks */,
				57349B361875BF19003B9AEC /* Products */,
			);
			sourceTree = "<group>";
		};
		57349B361875BF19003B9AEC /* Products */ = {
			isa = PBXGroup;
			children = (
				57349B351875BF19003B9AEC /* testSpec.app */,
				57349B591875BF19003B9AEC /* testSpecTests.xctest */,
			);
			name = Products;
			sourceTree = "<group>";
		};
		57349B371875BF19003B9AEC /* Frameworks */ = {
			isa = PBXGroup;
			children = (
				57349B381875BF19003B9AEC /* Foundation.framework */,
				57349B3A1875BF19003B9AEC /* CoreGraphics.framework */,
				57349B3C1875BF19003B9AEC /* UIKit.framework */,
				57349B5A1875BF19003B9AEC /* XCTest.framework */,
			);
			name = Frameworks;
			sourceTree = "<group>";
		};
		57349B3E1875BF19003B9AEC /* testSpec */ = {
			isa = PBXGroup;
			children = (
				57349B471875BF19003B9AEC /* AppDelegate.h */,
				57349B481875BF19003B9AEC /* AppDelegate.m */,
				57349B4A1875BF19003B9AEC /* Main_iPhone.storyboard */,
				57349B4D1875BF19003B9AEC /* Main_iPad.storyboard */,
				57349B501875BF19003B9AEC /* ViewController.h */,
				57349B511875BF19003B9AEC /* ViewController.m */,
				57349B531875BF19003B9AEC /* Images.xcassets */,
				57349B3F1875BF19003B9AEC /* Supporting Files */,
			);
			path = testSpec;
			sourceTree = "<group>";
		};
		57349B3F1875BF19003B9AEC /* Supporting Files */ = {
			isa = PBXGroup;
			children = (
				57349B401875BF19003B9AEC /* testSpec-Info.plist */,
				57349B411875BF19003B9AEC /* InfoPlist.strings */,
				57349B441875BF19003B9AEC /* main.m */,
				57349B461875BF19003B9AEC /* testSpec-Prefix.pch */,
			);
			name = "Supporting Files";
			sourceTree = "<group>";
		};
		57349B601875BF19003B9AEC /* testSpecTests */ = {
			isa = PBXGroup;
			children = (
				57349B661875BF19003B9AEC /* testSpecTests.m */,
				57349B611875BF19003B9AEC /* Supporting Files */,
			);
			path = testSpecTests;
			sourceTree = "<group>";
		};
		57349B611875BF19003B9AEC /* Supporting Files */ = {
			isa = PBXGroup;
			children = (
				57349B621875BF19003B9AEC /* testSpecTests-Info.plist */,
				57349B631875BF19003B9AEC /* InfoPlist.strings */,
			);
			name = "Supporting Files";
			sourceTree = "<group>";
		};
/* End PBXGroup section */

/* Begin PBXNativeTarget section */
		57349B341875BF19003B9AEC /* testSpec */ = {
			isa = PBXNativeTarget;
			buildConfigurationList = 57349B6A1875BF19003B9AEC /* Build configuration list for PBXNativeTarget "testSpec" */;
			buildPhases = (
				57349B311875BF19003B9AEC /* Sources */,
				57349B321875BF19003B9AEC /* Frameworks */,
				57349B331875BF19003B9AEC /* Resources */,
			);
			buildRules = (
			);
			dependencies = (
			);
			name = testSpec;
			productName = testSpec;
			productReference = 57349B351875BF19003B9AEC /* testSpec.app */;
			productType = "com.apple.product-type.application";
		};
		57349B581875BF19003B9AEC /* testSpecTests */ = {
			isa = PBXNativeTarget;
			buildConfigurationList = 57349B6D1875BF19003B9AEC /* Build configuration list for PBXNativeTarget "testSpecTests" */;
			buildPhases = (
				57349B551875BF19003B9AEC /* Sources */,
				57349B561875BF19003B9AEC /* Frameworks */,
				57349B571875BF19003B9AEC /* Resources */,
			);
			buildRules = (
			);
			dependencies = (
				57349B5F1875BF19003B9AEC /* PBXTargetDependency */,
			);
			name = testSpecTests;
			productName = testSpecTests;
			productReference = 57349B591875BF19003B9AEC /* testSpecTests.xctest */;
			productType = "com.apple.product-type.bundle.unit-test";
		};
/* End PBXNativeTarget section */

/* Begin PBXProject section */
		57349B2D1875BF19003B9AEC /* Project object */ = {
			isa = PBXProject;
			attributes = {
				LastUpgradeCheck = 0500;
				ORGANIZATIONNAME = "Greenville Utilities Commission";
				TargetAttributes = {
					57349B581875BF19003B9AEC = {
						TestTargetID = 57349B341875BF19003B9AEC;
					};
				};
			};
			buildConfigurationList = 57349B301875BF19003B9AEC /* Build configuration list for PBXProject "testSpec" */;
			compatibilityVersion = "Xcode 3.2";
			developmentRegion = English;
			hasScannedForEncodings = 0;
			knownRegions = (
				en,
				Base,
			);
			mainGroup = 57349B2C1875BF19003B9AEC;
			productRefGroup = 57349B361875BF19003B9AEC /* Products */;
			projectDirPath = "";
			projectRoot = "";
			targets = (
				57349B341875BF19003B9AEC /* testSpec */,
				57349B581875BF19003B9AEC /* testSpecTests */,
			);
		};
/* End PBXProject section */

/* Begin PBXResourcesBuildPhase section */
		57349B331875BF19003B9AEC /* Resources */ = {
			isa = PBXResourcesBuildPhase;
			buildActionMask = 2147483647;
			files = (
				57349B4F1875BF19003B9AEC /* Main_iPad.storyboard in Resources */,
				57349B541875BF19003B9AEC /* Images.xcassets in Resources */,
				57349B4C1875BF19003B9AEC /* Main_iPhone.storyboard in Resources */,
				57349B431875BF19003B9AEC /* InfoPlist.strings in Resources */,
			);
			runOnlyForDeploymentPostprocessing = 0;
		};
		57349B571875BF19003B9AEC /* Resources */ = {
			isa = PBXResourcesBuildPhase;
			buildActionMask = 2147483647;
			files = (
				57349B651875BF19003B9AEC /* InfoPlist.strings in Resources */,
			);
			runOnlyForDeploymentPostprocessing = 0;
		};
/* End PBXResourcesBuildPhase section */

/* Begin PBXSourcesBuildPhase section */
		57349B311875BF19003B9AEC /* Sources */ = {
			isa = PBXSourcesBuildPhase;
			buildActionMask = 2147483647;
			files = (
				57349B521875BF19003B9AEC /* ViewController.m in Sources */,
				57349B491875BF19003B9AEC /* AppDelegate.m in Sources */,
				57349B451875BF19003B9AEC /* main.m in Sources */,
			);
			runOnlyForDeploymentPostprocessing = 0;
		};
		57349B551875BF19003B9AEC /* Sources */ = {
			isa = PBXSourcesBuildPhase;
			buildActionMask = 2147483647;
			files = (
				57349B671875BF19003B9AEC /* testSpecTests.m in Sources */,
			);
			runOnlyForDeploymentPostprocessing = 0;
		};
/* End PBXSourcesBuildPhase section */

/* Begin PBXTargetDependency section */
		57349B5F1875BF19003B9AEC /* PBXTargetDependency */ = {
			isa = PBXTargetDependency;
			target = 57349B341875BF19003B9AEC /* testSpec */;
			targetProxy = 57349B5E1875BF19003B9AEC /* PBXContainerItemProxy */;
		};
/* End PBXTargetDependency section */

/* Begin PBXVariantGroup section */
		57349B411875BF19003B9AEC /* InfoPlist.strings */ = {
			isa = PBXVariantGroup;
			children = (
				57349B421875BF19003B9AEC /* en */,
			);
			name = InfoPlist.strings;
			sourceTree = "<group>";
		};
		57349B4A1875BF19003B9AEC /* Main_iPhone.storyboard */ = {
			isa = PBXVariantGroup;
			children = (
				57349B4B1875BF19003B9AEC /* Base */,
			);
			name = Main_iPhone.storyboard;
			sourceTree = "<group>";
		};
		57349B4D1875BF19003B9AEC /* Main_iPad.storyboard */ = {
			isa = PBXVariantGroup;
			children = (
				57349B4E1875BF19003B9AEC /* Base */,
			);
			name = Main_iPad.storyboard;
			sourceTree = "<group>";
		};
		57349B631875BF19003B9AEC /* InfoPlist.strings */ = {
			isa = PBXVariantGroup;
			children = (
				57349B641875BF19003B9AEC /* en */,
			);
			name = InfoPlist.strings;
			sourceTree = "<group>";
		};
/* End PBXVariantGroup section */

/* Begin XCBuildConfiguration section */
		57349B681875BF19003B9AEC /* Debug */ = {
			isa = XCBuildConfiguration;
			buildSettings = {
				ALWAYS_SEARCH_USER_PATHS = NO;
				ARCHS = "$(ARCHS_STANDARD_INCLUDING_64_BIT)";
				CLANG_CXX_LANGUAGE_STANDARD = "gnu++0x";
				CLANG_CXX_LIBRARY = "libc++";
				CLANG_ENABLE_MODULES = YES;
				CLANG_ENABLE_OBJC_ARC = YES;
				CLANG_WARN_BOOL_CONVERSION = YES;
				CLANG_WARN_CONSTANT_CONVERSION = YES;
				CLANG_WARN_DIRECT_OBJC_ISA_USAGE = YES_ERROR;
				CLANG_WARN_EMPTY_BODY = YES;
				CLANG_WARN_ENUM_CONVERSION = YES;
				CLANG_WARN_INT_CONVERSION = YES;
				CLANG_WARN_OBJC_ROOT_CLASS = YES_ERROR;
				CLANG_WARN__DUPLICATE_METHOD_MATCH = YES;
				"CODE_SIGN_IDENTITY[sdk=iphoneos*]" = "iPhone Developer";
				COPY_PHASE_STRIP = NO;
				GCC_C_LANGUAGE_STANDARD = gnu99;
				GCC_DYNAMIC_NO_PIC = NO;
				GCC_OPTIMIZATION_LEVEL = 0;
				GCC_PREPROCESSOR_DEFINITIONS = (
					"DEBUG=1",
					"$(inherited)",
				);
				GCC_SYMBOLS_PRIVATE_EXTERN = NO;
				GCC_WARN_64_TO_32_BIT_CONVERSION = YES;
				GCC_WARN_ABOUT_RETURN_TYPE = YES_ERROR;
				GCC_WARN_UNDECLARED_SELECTOR = YES;
				GCC_WARN_UNINITIALIZED_AUTOS = YES;
				GCC_WARN_UNUSED_FUNCTION = YES;
				GCC_WARN_UNUSED_VARIABLE = YES;
				IPHONEOS_DEPLOYMENT_TARGET = 7.0;
				ONLY_ACTIVE_ARCH = YES;
				SDKROOT = iphoneos;
				TARGETED_DEVICE_FAMILY = "1,2";
			};
			name = Debug;
		};
		57349B691875BF19003B9AEC /* Release */ = {
			isa = XCBuildConfiguration;
			buildSettings = {
				ALWAYS_SEARCH_USER_PATHS = NO;
				ARCHS = "$(ARCHS_STANDARD_INCLUDING_64_BIT)";
				CLANG_CXX_LANGUAGE_STANDARD = "gnu++0x";
				CLANG_CXX_LIBRARY = "libc++";
				CLANG_ENABLE_MODULES = YES;
				CLANG_ENABLE_OBJC_ARC = YES;
				CLANG_WARN_BOOL_CONVERSION = YES;
				CLANG_WARN_CONSTANT_CONVERSION = YES;
				CLANG_WARN_DIRECT_OBJC_ISA_USAGE = YES_ERROR;
				CLANG_WARN_EMPTY_BODY = YES;
				CLANG_WARN_ENUM_CONVERSION = YES;
				CLANG_WARN_INT_CONVERSION = YES;
				CLANG_WARN_OBJC_ROOT_CLASS = YES_ERROR;
				CLANG_WARN__DUPLICATE_METHOD_MATCH = YES;
				"CODE_SIGN_IDENTITY[sdk=iphoneos*]" = "iPhone Developer";
				COPY_PHASE_STRIP = YES;
				ENABLE_NS_ASSERTIONS = NO;
				GCC_C_LANGUAGE_STANDARD = gnu99;
				GCC_WARN_64_TO_32_BIT_CONVERSION = YES;
				GCC_WARN_ABOUT_RETURN_TYPE = YES_ERROR;
				GCC_WARN_UNDECLARED_SELECTOR = YES;
				GCC_WARN_UNINITIALIZED_AUTOS = YES;
				GCC_WARN_UNUSED_FUNCTION = YES;
				GCC_WARN_UNUSED_VARIABLE = YES;
				IPHONEOS_DEPLOYMENT_TARGET = 7.0;
				SDKROOT = iphoneos;
				TARGETED_DEVICE_FAMILY = "1,2";
				VALIDATE_PRODUCT = YES;
			};
			name = Release;
		};
		57349B6B1875BF19003B9AEC /* Debug */ = {
			isa = XCBuildConfiguration;
			buildSettings = {
				ASSETCATALOG_COMPILER_APPICON_NAME = AppIcon;
				ASSETCATALOG_COMPILER_LAUNCHIMAGE_NAME = LaunchImage;
				GCC_PRECOMPILE_PREFIX_HEADER = YES;
				GCC_PREFIX_HEADER = "testSpec/testSpec-Prefix.pch";
				INFOPLIST_FILE = "testSpec/testSpec-Info.plist";
				PRODUCT_NAME = "$(TARGET_NAME)";
				WRAPPER_EXTENSION = app;
			};
			name = Debug;
		};
		57349B6C1875BF19003B9AEC /* Release */ = {
			isa = XCBuildConfiguration;
			buildSettings = {
				ASSETCATALOG_COMPILER_APPICON_NAME = AppIcon;
				ASSETCATALOG_COMPILER_LAUNCHIMAGE_NAME = LaunchImage;
				GCC_PRECOMPILE_PREFIX_HEADER = YES;
				GCC_PREFIX_HEADER = "testSpec/testSpec-Prefix.pch";
				INFOPLIST_FILE = "testSpec/testSpec-Info.plist";
				PRODUCT_NAME = "$(TARGET_NAME)";
				WRAPPER_EXTENSION = app;
			};
			name = Release;
		};
		57349B6E1875BF19003B9AEC /* Debug */ = {
			isa = XCBuildConfiguration;
			buildSettings = {
				ARCHS = "$(ARCHS_STANDARD_INCLUDING_64_BIT)";
				BUNDLE_LOADER = "$(BUILT_PRODUCTS_DIR)/testSpec.app/testSpec";
				FRAMEWORK_SEARCH_PATHS = (
					"$(SDKROOT)/Developer/Library/Frameworks",
					"$(inherited)",
					"$(DEVELOPER_FRAMEWORKS_DIR)",
				);
				GCC_PRECOMPILE_PREFIX_HEADER = YES;
				GCC_PREFIX_HEADER = "testSpec/testSpec-Prefix.pch";
				GCC_PREPROCESSOR_DEFINITIONS = (
					"DEBUG=1",
					"$(inherited)",
				);
				INFOPLIST_FILE = "testSpecTests/testSpecTests-Info.plist";
				PRODUCT_NAME = "$(TARGET_NAME)";
				TEST_HOST = "$(BUNDLE_LOADER)";
				WRAPPER_EXTENSION = xctest;
			};
			name = Debug;
		};
		57349B6F1875BF19003B9AEC /* Release */ = {
			isa = XCBuildConfiguration;
			buildSettings = {
				ARCHS = "$(ARCHS_STANDARD_INCLUDING_64_BIT)";
				BUNDLE_LOADER = "$(BUILT_PRODUCTS_DIR)/testSpec.app/testSpec";
				FRAMEWORK_SEARCH_PATHS = (
					"$(SDKROOT)/Developer/Library/Frameworks",
					"$(inherited)",
					"$(DEVELOPER_FRAMEWORKS_DIR)",
				);
				GCC_PRECOMPILE_PREFIX_HEADER = YES;
				GCC_PREFIX_HEADER = "testSpec/testSpec-Prefix.pch";
				INFOPLIST_FILE = "testSpecTests/testSpecTests-Info.plist";
				PRODUCT_NAME = "$(TARGET_NAME)";
				TEST_HOST = "$(BUNDLE_LOADER)";
				WRAPPER_EXTENSION = xctest;
			};
			name = Release;
		};
/* End XCBuildConfiguration section */

/* Begin XCConfigurationList section */
		57349B301875BF19003B9AEC /* Build configuration list for PBXProject "testSpec" */ = {
			isa = XCConfigurationList;
			buildConfigurations = (
				57349B681875BF19003B9AEC /* Debug */,
				57349B691875BF19003B9AEC /* Release */,
			);
			defaultConfigurationIsVisible = 0;
			defaultConfigurationName = Release;
		};
		57349B6A1875BF19003B9AEC /* Build configuration list for PBXNativeTarget "testSpec" */ = {
			isa = XCConfigurationList;
			buildConfigurations = (
				57349B6B1875BF19003B9AEC /* Debug */,
				57349B6C1875BF19003B9AEC /* Release */,
			);
			defaultConfigurationIsVisible = 0;
		};
		57349B6D1875BF19003B9AEC /* Build configuration list for PBXNativeTarget "testSpecTests" */ = {
			isa = XCConfigurationList;
			buildConfigurations = (
				57349B6E1875BF19003B9AEC /* Debug */,
				57349B6F1875BF19003B9AEC /* Release */,
			);
			defaultConfigurationIsVisible = 0;
		};
/* End XCConfigurationList section */
	};
	rootObject = 57349B2D1875BF19003B9AEC /* Project object */;
}
